
Microsoft Visual Studio Solution File, Format Version 12.00
# Visual Studio 15
VisualStudioVersion = 15.0.28010.2036
MinimumVisualStudioVersion = 10.0.40219.1
Project("{FAE04EC0-301F-11D3-BF4B-00C04F79EFBC}") = "ConsoleAppTpl.Dataflow", "ConsoleAppTpl.Dataflow\ConsoleAppTpl.Dataflow.csproj", "{54353A1C-A45E-4BC7-99E5-D8799F7C0B31}"
EndProject
Project("{FAE04EC0-301F-11D3-BF4B-00C04F79EFBC}") = "AppTpl.Dataflow", "AppTpl.Dataflow\AppTpl.Dataflow.csproj", "{F39B00E6-66B3-454B-8F06-1E27780DD55E}"
EndProject
Global
	GlobalSection(SolutionConfigurationPlatforms) = preSolution
		Debug|Any CPU = Debug|Any CPU
		Release|Any CPU = Release|Any CPU
	EndGlobalSection
	GlobalSection(ProjectConfigurationPlatforms) = postSolution
		{54353A1C-A45E-4BC7-99E5-D8799F7C0B31}.Debug|Any CPU.ActiveCfg = Debug|Any CPU
		{54353A1C-A45E-4BC7-99E5-D8799F7C0B31}.Debug|Any CPU.Build.0 = Debug|Any CPU
		{54353A1C-A45E-4BC7-99E5-D8799F7C0B31}.Release|Any CPU.ActiveCfg = Release|Any CPU
		{54353A1C-A45E-4BC7-99E5-D8799F7C0B31}.Release|Any CPU.Build.0 = Release|Any CPU
		{F39B00E6-66B3-454B-8F06-1E27780DD55E}.Debug|Any CPU.ActiveCfg = Debug|Any CPU
		{F39B00E6-66B3-454B-8F06-1E27780DD55E}.Debug|Any CPU.Build.0 = Debug|Any CPU
		{F39B00E6-66B3-454B-8F06-1E27780DD55E}.Release|Any CPU.ActiveCfg = Release|Any CPU
		{F39B00E6-66B3-454B-8F06-1E27780DD55E}.Release|Any CPU.Build.0 = Release|Any CPU
	EndGlobalSection
	GlobalSection(SolutionProperties) = preSolution
		HideSolutionNode = FALSE
	EndGlobalSection
	GlobalSection(ExtensibilityGlobals) = postSolution
		SolutionGuid = {E86C02D2-EE4B-43A2-9BCD-EF9071FA94EF}
	EndGlobalSection
EndGlobal
